github.com/goccy/go-json v0.9.6 h1:5/4CtRQdtsX0sal8fdVhTaiMN01Ri8BExZZ8iRmHQ6E=
github.com/goccy/go-json v0.9.6/go.mod h1:6MelG93GURQebXPDq3khkgXZkazVtN9CRI+MGFi0w8I=
github.com/julienschmidt/httprouter v1.3.1-0.20200921135023-fe77dd05ab5a h1:VTF3sHLbpm2PdWMPKVWUMwKg85VE7Ep7wgBw8ETYri8=
github.com/julienschmidt/httprouter v1.3.1-0.20200921135023-fe77dd05ab5a/go.mod h1:JR6WtHb+2LUe8TCKY3cZOxFyyO8IZAc4RVcycCCAKdM=
